{
  "originHash" : "3afb179d4bb17faf7e97faeecd60ba587596e7097fd9540b8e47fd6d0d07c3ca",
  "pins" : [
    {
      "identity" : "aboutkit",
      "kind" : "remoteSourceControl",
      "location" : "https://github.com/adamfootdev/AboutKit.git",
      "state" : {
        "revision" : "5a110eb975238702d7615c8f8b6b1adf01acd600",
        "version" : "3.4.6"
      }
    }
  ],
  "version" : 3
}
